
Microsoft Visual Studio Solution File, Format Version 12.00
# Visual Studio Version 17
VisualStudioVersion = 17.14.36401.2
MinimumVisualStudioVersion = 10.0.40219.1
Project("{FAE04EC0-301F-11D3-BF4B-00C04F79EFBC}") = "DroneSim.Api", "DroneSim.Api\DroneSim.Api.csproj", "{74518A1C-98FF-4858-8C1C-2EA5FB2FE0EF}"
	ProjectSection(ProjectDependencies) = postProject
		{4F4D138B-68CA-41AC-AE77-4CF6450AA3A0} = {4F4D138B-68CA-41AC-AE77-4CF6450AA3A0}
	EndProjectSection
EndProject
Project("{FAE04EC0-301F-11D3-BF4B-00C04F79EFBC}") = "DroneSim.Core", "DroneSim.Core\DroneSim.Core.csproj", "{FE061866-2923-44C5-8ABD-001A24D2F9F4}"
EndProject
Project("{FAE04EC0-301F-11D3-BF4B-00C04F79EFBC}") = "DroneSim.Infrastructure", "DroneSim.Infrastructure\DroneSim.Infrastructure.csproj", "{4F4D138B-68CA-41AC-AE77-4CF6450AA3A0}"
	ProjectSection(ProjectDependencies) = postProject
		{FE061866-2923-44C5-8ABD-001A24D2F9F4} = {FE061866-2923-44C5-8ABD-001A24D2F9F4}
	EndProjectSection
EndProject
Project("{FAE04EC0-301F-11D3-BF4B-00C04F79EFBC}") = "DroneSim.Application", "DroneSim.Application\DroneSim.Application.csproj", "{07164A98-D5A8-4AC2-AFF2-ACBEB518E330}"
EndProject
Project("{2150E333-8FDC-42A3-9474-1A3956D46DE8}") = "Elementos de la solución", "Elementos de la solución", "{D107F4C8-89CC-BEA8-D3D7-CA6B7733353D}"
	ProjectSection(SolutionItems) = preProject
		docker-compose.yml = docker-compose.yml
	EndProjectSection
EndProject
Global
	GlobalSection(SolutionConfigurationPlatforms) = preSolution
		Debug|Any CPU = Debug|Any CPU
		Release|Any CPU = Release|Any CPU
	EndGlobalSection
	GlobalSection(ProjectConfigurationPlatforms) = postSolution
		{74518A1C-98FF-4858-8C1C-2EA5FB2FE0EF}.Debug|Any CPU.ActiveCfg = Debug|Any CPU
		{74518A1C-98FF-4858-8C1C-2EA5FB2FE0EF}.Debug|Any CPU.Build.0 = Debug|Any CPU
		{74518A1C-98FF-4858-8C1C-2EA5FB2FE0EF}.Release|Any CPU.ActiveCfg = Release|Any CPU
		{74518A1C-98FF-4858-8C1C-2EA5FB2FE0EF}.Release|Any CPU.Build.0 = Release|Any CPU
		{FE061866-2923-44C5-8ABD-001A24D2F9F4}.Debug|Any CPU.ActiveCfg = Debug|Any CPU
		{FE061866-2923-44C5-8ABD-001A24D2F9F4}.Debug|Any CPU.Build.0 = Debug|Any CPU
		{FE061866-2923-44C5-8ABD-001A24D2F9F4}.Release|Any CPU.ActiveCfg = Release|Any CPU
		{FE061866-2923-44C5-8ABD-001A24D2F9F4}.Release|Any CPU.Build.0 = Release|Any CPU
		{4F4D138B-68CA-41AC-AE77-4CF6450AA3A0}.Debug|Any CPU.ActiveCfg = Debug|Any CPU
		{4F4D138B-68CA-41AC-AE77-4CF6450AA3A0}.Debug|Any CPU.Build.0 = Debug|Any CPU
		{4F4D138B-68CA-41AC-AE77-4CF6450AA3A0}.Release|Any CPU.ActiveCfg = Release|Any CPU
		{4F4D138B-68CA-41AC-AE77-4CF6450AA3A0}.Release|Any CPU.Build.0 = Release|Any CPU
		{07164A98-D5A8-4AC2-AFF2-ACBEB518E330}.Debug|Any CPU.ActiveCfg = Debug|Any CPU
		{07164A98-D5A8-4AC2-AFF2-ACBEB518E330}.Debug|Any CPU.Build.0 = Debug|Any CPU
		{07164A98-D5A8-4AC2-AFF2-ACBEB518E330}.Release|Any CPU.ActiveCfg = Release|Any CPU
		{07164A98-D5A8-4AC2-AFF2-ACBEB518E330}.Release|Any CPU.Build.0 = Release|Any CPU
	EndGlobalSection
	GlobalSection(SolutionProperties) = preSolution
		HideSolutionNode = FALSE
	EndGlobalSection
	GlobalSection(ExtensibilityGlobals) = postSolution
		SolutionGuid = {79D7CEAC-1A45-4836-9E51-7DA10A24CDA4}
	EndGlobalSection
EndGlobal
